// !$*UTF8*$!
{
	archiveVersion = 1;
	classes = {
	};
	objectVersion = 50;
	objects = {

/* Begin PBXBuildFile section */
		9436AD2B21E0281700A2A86A /* CheckListItem.swift in Sources */ = {isa = PBXBuildFile; fileRef = 9436AD2A21E0281700A2A86A /* CheckListItem.swift */; };
		9469A6A921DFDEB800E43817 /* ExpensesTests.xctest in Resources */ = {isa = PBXBuildFile; fileRef = 946ABCD421DEA140001D9926 /* ExpensesTests.xctest */; };
		9469A6AA21DFDEBB00E43817 /* ExpensesUITests.xctest in Resources */ = {isa = PBXBuildFile; fileRef = 946ABCDF21DEA140001D9926 /* ExpensesUITests.xctest */; };
		946ABCC421DEA13E001D9926 /* AppDelegate.swift in Sources */ = {isa = PBXBuildFile; fileRef = 946ABCC321DEA13E001D9926 /* AppDelegate.swift */; };
		946ABCC621DEA13E001D9926 /* CheckListViewController.swift in Sources */ = {isa = PBXBuildFile; fileRef = 946ABCC521DEA13E001D9926 /* CheckListViewController.swift */; };
		946ABCC921DEA13E001D9926 /* Main.storyboard in Resources */ = {isa = PBXBuildFile; fileRef = 946ABCC721DEA13E001D9926 /* Main.storyboard */; };
		946ABCCB21DEA140001D9926 /* Assets.xcassets in Resources */ = {isa = PBXBuildFile; fileRef = 946ABCCA21DEA140001D9926 /* Assets.xcassets */; };
		946ABCCE21DEA140001D9926 /* LaunchScreen.storyboard in Resources */ = {isa = PBXBuildFile; fileRef = 946ABCCC21DEA140001D9926 /* LaunchScreen.storyboard */; };
		946ABCD921DEA140001D9926 /* ExpensesTests.swift in Sources */ = {isa = PBXBuildFile; fileRef = 946ABCD821DEA140001D9926 /* ExpensesTests.swift */; };
		946ABCE421DEA140001D9926 /* ExpensesUITests.swift in Sources */ = {isa = PBXBuildFile; fileRef = 946ABCE321DEA140001D9926 /* ExpensesUITests.swift */; };
		949FD71621E131B000B4212D /* AddItemViewController.swift in Sources */ = {isa = PBXBuildFile; fileRef = 949FD71521E131B000B4212D /* AddItemViewController.swift */; };
/* End PBXBuildFile section */

/* Begin PBXContainerItemProxy section */
		946ABCD521DEA140001D9926 /* PBXContainerItemProxy */ = {
			isa = PBXContainerItemProxy;
			containerPortal = 946ABCB821DEA13E001D9926 /* Project object */;
			proxyType = 1;
			remoteGlobalIDString = 946ABCBF21DEA13E001D9926;
			remoteInfo = Expenses;
		};
		946ABCE021DEA140001D9926 /* PBXContainerItemProxy */ = {
			isa = PBXContainerItemProxy;
			containerPortal = 946ABCB821DEA13E001D9926 /* Project object */;
			proxyType = 1;
			remoteGlobalIDString = 946ABCBF21DEA13E001D9926;
			remoteInfo = Expenses;
		};
/* End PBXContainerItemProxy section */

/* Begin PBXFileReference section */
		9436AD2A21E0281700A2A86A /* CheckListItem.swift */ = {isa = PBXFileReference; lastKnownFileType = sourcecode.swift; path = CheckListItem.swift; sourceTree = "<group>"; };
		946ABCC021DEA13E001D9926 /* Expenses.app */ = {isa = PBXFileReference; explicitFileType = wrapper.application; includeInIndex = 0; path = Expenses.app; sourceTree = BUILT_PRODUCTS_DIR; };
		946ABCC321DEA13E001D9926 /* AppDelegate.swift */ = {isa = PBXFileReference; lastKnownFileType = sourcecode.swift; path = AppDelegate.swift; sourceTree = "<group>"; };
		946ABCC521DEA13E001D9926 /* CheckListViewController.swift */ = {isa = PBXFileReference; lastKnownFileType = sourcecode.swift; path = CheckListViewController.swift; sourceTree = "<group>"; };
		946ABCC821DEA13E001D9926 /* Base */ = {isa = PBXFileReference; lastKnownFileType = file.storyboard; name = Base; path = Base.lproj/Main.storyboard; sourceTree = "<group>"; };
		946ABCCA21DEA140001D9926 /* Assets.xcassets */ = {isa = PBXFileReference; lastKnownFileType = folder.assetcatalog; path = Assets.xcassets; sourceTree = "<group>"; };
		946ABCCD21DEA140001D9926 /* Base */ = {isa = PBXFileReference; lastKnownFileType = file.storyboard; name = Base; path = Base.lproj/LaunchScreen.storyboard; sourceTree = "<group>"; };
		946ABCCF21DEA140001D9926 /* Info.plist */ = {isa = PBXFileReference; lastKnownFileType = text.plist.xml; path = Info.plist; sourceTree = "<group>"; };
		946ABCD421DEA140001D9926 /* ExpensesTests.xctest */ = {isa = PBXFileReference; explicitFileType = wrapper.cfbundle; includeInIndex = 0; path = ExpensesTests.xctest; sourceTree = BUILT_PRODUCTS_DIR; };
		946ABCD821DEA140001D9926 /* ExpensesTests.swift */ = {isa = PBXFileReference; lastKnownFileType = sourcecode.swift; path = ExpensesTests.swift; sourceTree = "<group>"; };
		946ABCDA21DEA140001D9926 /* Info.plist */ = {isa = PBXFileReference; lastKnownFileType = text.plist.xml; path = Info.plist; sourceTree = "<group>"; };
		946ABCDF21DEA140001D9926 /* ExpensesUITests.xctest */ = {isa = PBXFileReference; explicitFileType = wrapper.cfbundle; includeInIndex = 0; path = ExpensesUITests.xctest; sourceTree = BUILT_PRODUCTS_DIR; };
		946ABCE321DEA140001D9926 /* ExpensesUITests.swift */ = {isa = PBXFileReference; lastKnownFileType = sourcecode.swift; path = ExpensesUITests.swift; sourceTree = "<group>"; };
		946ABCE521DEA140001D9926 /* Info.plist */ = {isa = PBXFileReference; lastKnownFileType = text.plist.xml; path = Info.plist; sourceTree = "<group>"; };
		949FD71521E131B000B4212D /* AddItemViewController.swift */ = {isa = PBXFileReference; lastKnownFileType = sourcecode.swift; path = AddItemViewController.swift; sourceTree = "<group>"; };
/* End PBXFileReference section */

/* Begin PBXFrameworksBuildPhase section */
		946ABCBD21DEA13E001D9926 /* Frameworks */ = {
			isa = PBXFrameworksBuildPhase;
			buildActionMask = 2147483647;
			files = (
			);
			runOnlyForDeploymentPostprocessing = 0;
		};
		946ABCD121DEA140001D9926 /* Frameworks */ = {
			isa = PBXFrameworksBuildPhase;
			buildActionMask = 2147483647;
			files = (
			);
			runOnlyForDeploymentPostprocessing = 0;
		};
		946ABCDC21DEA140001D9926 /* Frameworks */ = {
			isa = PBXFrameworksBuildPhase;
			buildActionMask = 2147483647;
			files = (
			);
			runOnlyForDeploymentPostprocessing = 0;
		};
/* End PBXFrameworksBuildPhase section */

/* Begin PBXGroup section */
		946ABCB721DEA13E001D9926 = {
			isa = PBXGroup;
			children = (
				946ABCC221DEA13E001D9926 /* Expenses */,
				946ABCD721DEA140001D9926 /* ExpensesTests */,
				946ABCE221DEA140001D9926 /* ExpensesUITests */,
				946ABCC121DEA13E001D9926 /* Products */,
			);
			sourceTree = "<group>";
		};
		946ABCC121DEA13E001D9926 /* Products */ = {
			isa = PBXGroup;
			children = (
				946ABCC021DEA13E001D9926 /* Expenses.app */,
				946ABCD421DEA140001D9926 /* ExpensesTests.xctest */,
				946ABCDF21DEA140001D9926 /* ExpensesUITests.xctest */,
			);
			name = Products;
			sourceTree = "<group>";
		};
		946ABCC221DEA13E001D9926 /* Expenses */ = {
			isa = PBXGroup;
			children = (
				9436AD2A21E0281700A2A86A /* CheckListItem.swift */,
				946ABCC321DEA13E001D9926 /* AppDelegate.swift */,
				946ABCC521DEA13E001D9926 /* CheckListViewController.swift */,
				946ABCC721DEA13E001D9926 /* Main.storyboard */,
				946ABCCA21DEA140001D9926 /* Assets.xcassets */,
				946ABCCC21DEA140001D9926 /* LaunchScreen.storyboard */,
				946ABCCF21DEA140001D9926 /* Info.plist */,
				949FD71521E131B000B4212D /* AddItemViewController.swift */,
			);
			path = Expenses;
			sourceTree = "<group>";
		};
		946ABCD721DEA140001D9926 /* ExpensesTests */ = {
			isa = PBXGroup;
			children = (
				946ABCD821DEA140001D9926 /* ExpensesTests.swift */,
				946ABCDA21DEA140001D9926 /* Info.plist */,
			);
			path = ExpensesTests;
			sourceTree = "<group>";
		};
		946ABCE221DEA140001D9926 /* ExpensesUITests */ = {
			isa = PBXGroup;
			children = (
				946ABCE321DEA140001D9926 /* ExpensesUITests.swift */,
				946ABCE521DEA140001D9926 /* Info.plist */,
			);
			path = ExpensesUITests;
			sourceTree = "<group>";
		};
/* End PBXGroup section */

/* Begin PBXNativeTarget section */
		946ABCBF21DEA13E001D9926 /* Expenses */ = {
			isa = PBXNativeTarget;
			buildConfigurationList = 946ABCE821DEA140001D9926 /* Build configuration list for PBXNativeTarget "Expenses" */;
			buildPhases = (
				946ABCBC21DEA13E001D9926 /* Sources */,
				946ABCBD21DEA13E001D9926 /* Frameworks */,
				946ABCBE21DEA13E001D9926 /* Resources */,
			);
			buildRules = (
			);
			dependencies = (
			);
			name = Expenses;
			productName = Expenses;
			productReference = 946ABCC021DEA13E001D9926 /* Expenses.app */;
			productType = "com.apple.product-type.application";
		};
		946ABCD321DEA140001D9926 /* ExpensesTests */ = {
			isa = PBXNativeTarget;
			buildConfigurationList = 946ABCEB21DEA140001D9926 /* Build configuration list for PBXNativeTarget "ExpensesTests" */;
			buildPhases = (
				946ABCD021DEA140001D9926 /* Sources */,
				946ABCD121DEA140001D9926 /* Frameworks */,
				946ABCD221DEA140001D9926 /* Resources */,
			);
			buildRules = (
			);
			dependencies = (
				946ABCD621DEA140001D9926 /* PBXTargetDependency */,
			);
			name = ExpensesTests;
			productName = ExpensesTests;
			productReference = 946ABCD421DEA140001D9926 /* ExpensesTests.xctest */;
			productType = "com.apple.product-type.bundle.unit-test";
		};
		946ABCDE21DEA140001D9926 /* ExpensesUITests */ = {
			isa = PBXNativeTarget;
			buildConfigurationList = 946ABCEE21DEA140001D9926 /* Build configuration list for PBXNativeTarget "ExpensesUITests" */;
			buildPhases = (
				946ABCDB21DEA140001D9926 /* Sources */,
				946ABCDC21DEA140001D9926 /* Frameworks */,
				946ABCDD21DEA140001D9926 /* Resources */,
			);
			buildRules = (
			);
			dependencies = (
				946ABCE121DEA140001D9926 /* PBXTargetDependency */,
			);
			name = ExpensesUITests;
			productName = ExpensesUITests;
			productReference = 946ABCDF21DEA140001D9926 /* ExpensesUITests.xctest */;
			productType = "com.apple.product-type.bundle.ui-testing";
		};
/* End PBXNativeTarget section */

/* Begin PBXProject section */
		946ABCB821DEA13E001D9926 /* Project object */ = {
			isa = PBXProject;
			attributes = {
				LastSwiftUpdateCheck = 1010;
				LastUpgradeCheck = 1010;
				ORGANIZATIONNAME = "Yavor Dimov";
				TargetAttributes = {
					946ABCBF21DEA13E001D9926 = {
						CreatedOnToolsVersion = 10.1;
					};
					946ABCD321DEA140001D9926 = {
						CreatedOnToolsVersion = 10.1;
						TestTargetID = 946ABCBF21DEA13E001D9926;
					};
					946ABCDE21DEA140001D9926 = {
						CreatedOnToolsVersion = 10.1;
						TestTargetID = 946ABCBF21DEA13E001D9926;
					};
				};
			};
			buildConfigurationList = 946ABCBB21DEA13E001D9926 /* Build configuration list for PBXProject "Expenses" */;
			compatibilityVersion = "Xcode 9.3";
			developmentRegion = en;
			hasScannedForEncodings = 0;
			knownRegions = (
				en,
				Base,
			);
			mainGroup = 946ABCB721DEA13E001D9926;
			productRefGroup = 946ABCC121DEA13E001D9926 /* Products */;
			projectDirPath = "";
			projectRoot = "";
			targets = (
				946ABCBF21DEA13E001D9926 /* Expenses */,
				946ABCD321DEA140001D9926 /* ExpensesTests */,
				946ABCDE21DEA140001D9926 /* ExpensesUITests */,
			);
		};
/* End PBXProject section */

/* Begin PBXResourcesBuildPhase section */
		946ABCBE21DEA13E001D9926 /* Resources */ = {
			isa = PBXResourcesBuildPhase;
			buildActionMask = 2147483647;
			files = (
				946ABCCE21DEA140001D9926 /* LaunchScreen.storyboard in Resources */,
				946ABCCB21DEA140001D9926 /* Assets.xcassets in Resources */,
				946ABCC921DEA13E001D9926 /* Main.storyboard in Resources */,
			);
			runOnlyForDeploymentPostprocessing = 0;
		};
		946ABCD221DEA140001D9926 /* Resources */ = {
			isa = PBXResourcesBuildPhase;
			buildActionMask = 2147483647;
			files = (
				9469A6A921DFDEB800E43817 /* ExpensesTests.xctest in Resources */,
			);
			runOnlyForDeploymentPostprocessing = 0;
		};
		946ABCDD21DEA140001D9926 /* Resources */ = {
			isa = PBXResourcesBuildPhase;
			buildActionMask = 2147483647;
			files = (
				9469A6AA21DFDEBB00E43817 /* ExpensesUITests.xctest in Resources */,
			);
			runOnlyForDeploymentPostprocessing = 0;
		};
/* End PBXResourcesBuildPhase section */

/* Begin PBXSourcesBuildPhase section */
		946ABCBC21DEA13E001D9926 /* Sources */ = {
			isa = PBXSourcesBuildPhase;
			buildActionMask = 2147483647;
			files = (
				9436AD2B21E0281700A2A86A /* CheckListItem.swift in Sources */,
				949FD71621E131B000B4212D /* AddItemViewController.swift in Sources */,
				946ABCC621DEA13E001D9926 /* CheckListViewController.swift in Sources */,
				946ABCC421DEA13E001D9926 /* AppDelegate.swift in Sources */,
			);
			runOnlyForDeploymentPostprocessing = 0;
		};
		946ABCD021DEA140001D9926 /* Sources */ = {
			isa = PBXSourcesBuildPhase;
			buildActionMask = 2147483647;
			files = (
				946ABCD921DEA140001D9926 /* ExpensesTests.swift in Sources */,
			);
			runOnlyForDeploymentPostprocessing = 0;
		};
		946ABCDB21DEA140001D9926 /* Sources */ = {
			isa = PBXSourcesBuildPhase;
			buildActionMask = 2147483647;
			files = (
				946ABCE421DEA140001D9926 /* ExpensesUITests.swift in Sources */,
			);
			runOnlyForDeploymentPostprocessing = 0;
		};
/* End PBXSourcesBuildPhase section */

/* Begin PBXTargetDependency section */
		946ABCD621DEA140001D9926 /* PBXTargetDependency */ = {
			isa = PBXTargetDependency;
			target = 946ABCBF21DEA13E001D9926 /* Expenses */;
			targetProxy = 946ABCD521DEA140001D9926 /* PBXContainerItemProxy */;
		};
		946ABCE121DEA140001D9926 /* PBXTargetDependency */ = {
			isa = PBXTargetDependency;
			target = 946ABCBF21DEA13E001D9926 /* Expenses */;
			targetProxy = 946ABCE021DEA140001D9926 /* PBXContainerItemProxy */;
		};
/* End PBXTargetDependency section */

/* Begin PBXVariantGroup section */
		946ABCC721DEA13E001D9926 /* Main.storyboard */ = {
			isa = PBXVariantGroup;
			children = (
				946ABCC821DEA13E001D9926 /* Base */,
			);
			name = Main.storyboard;
			sourceTree = "<group>";
		};
		946ABCCC21DEA140001D9926 /* LaunchScreen.storyboard */ = {
			isa = PBXVariantGroup;
			children = (
				946ABCCD21DEA140001D9926 /* Base */,
			);
			name = LaunchScreen.storyboard;
			sourceTree = "<group>";
		};
/* End PBXVariantGroup section */

/* Begin XCBuildConfiguration section */
		946ABCE621DEA140001D9926 /* Debug */ = {
			isa = XCBuildConfiguration;
			buildSettings = {
				ALWAYS_SEARCH_USER_PATHS = NO;
				CLANG_ANALYZER_NONNULL = YES;
				CLANG_ANALYZER_NUMBER_OBJECT_CONVERSION = YES_AGGRESSIVE;
				CLANG_CXX_LANGUAGE_STANDARD = "gnu++14";
				CLANG_CXX_LIBRARY = "libc++";
				CLANG_ENABLE_MODULES = YES;
				CLANG_ENABLE_OBJC_ARC = YES;
				CLANG_ENABLE_OBJC_WEAK = YES;
				CLANG_WARN_BLOCK_CAPTURE_AUTORELEASING = YES;
				CLANG_WARN_BOOL_CONVERSION = YES;
				CLANG_WARN_COMMA = YES;
				CLANG_WARN_CONSTANT_CONVERSION = YES;
				CLANG_WARN_DEPRECATED_OBJC_IMPLEMENTATIONS = YES;
				CLANG_WARN_DIRECT_OBJC_ISA_USAGE = YES_ERROR;
				CLANG_WARN_DOCUMENTATION_COMMENTS = YES;
				CLANG_WARN_EMPTY_BODY = YES;
				CLANG_WARN_ENUM_CONVERSION = YES;
				CLANG_WARN_INFINITE_RECURSION = YES;
				CLANG_WARN_INT_CONVERSION = YES;
				CLANG_WARN_NON_LITERAL_NULL_CONVERSION = YES;
				CLANG_WARN_OBJC_IMPLICIT_RETAIN_SELF = YES;
				CLANG_WARN_OBJC_LITERAL_CONVERSION = YES;
				CLANG_WARN_OBJC_ROOT_CLASS = YES_ERROR;
				CLANG_WARN_RANGE_LOOP_ANALYSIS = YES;
				CLANG_WARN_STRICT_PROTOTYPES = YES;
				CLANG_WARN_SUSPICIOUS_MOVE = YES;
				CLANG_WARN_UNGUARDED_AVAILABILITY = YES_AGGRESSIVE;
				CLANG_WARN_UNREACHABLE_CODE = YES;
				CLANG_WARN__DUPLICATE_METHOD_MATCH = YES;
				CODE_SIGN_IDENTITY = "iPhone Developer";
				COPY_PHASE_STRIP = NO;
				DEBUG_INFORMATION_FORMAT = dwarf;
				ENABLE_STRICT_OBJC_MSGSEND = YES;
				ENABLE_TESTABILITY = YES;
				GCC_C_LANGUAGE_STANDARD = gnu11;
				GCC_DYNAMIC_NO_PIC = NO;
				GCC_NO_COMMON_BLOCKS = YES;
				GCC_OPTIMIZATION_LEVEL = 0;
				GCC_PREPROCESSOR_DEFINITIONS = (
					"DEBUG=1",
					"$(inherited)",
				);
				GCC_WARN_64_TO_32_BIT_CONVERSION = YES;
				GCC_WARN_ABOUT_RETURN_TYPE = YES_ERROR;
				GCC_WARN_UNDECLARED_SELECTOR = YES;
				GCC_WARN_UNINITIALIZED_AUTOS = YES_AGGRESSIVE;
				GCC_WARN_UNUSED_FUNCTION = YES;
				GCC_WARN_UNUSED_VARIABLE = YES;
				IPHONEOS_DEPLOYMENT_TARGET = 12.1;
				MTL_ENABLE_DEBUG_INFO = INCLUDE_SOURCE;
				MTL_FAST_MATH = YES;
				ONLY_ACTIVE_ARCH = YES;
				SDKROOT = iphoneos;
				SWIFT_ACTIVE_COMPILATION_CONDITIONS = DEBUG;
				SWIFT_OPTIMIZATION_LEVEL = "-Onone";
			};
			name = Debug;
		};
		946ABCE721DEA140001D9926 /* Release */ = {
			isa = XCBuildConfiguration;
			buildSettings = {
				ALWAYS_SEARCH_USER_PATHS = NO;
				CLANG_ANALYZER_NONNULL = YES;
				CLANG_ANALYZER_NUMBER_OBJECT_CONVERSION = YES_AGGRESSIVE;
				CLANG_CXX_LANGUAGE_STANDARD = "gnu++14";
				CLANG_CXX_LIBRARY = "libc++";
				CLANG_ENABLE_MODULES = YES;
				CLANG_ENABLE_OBJC_ARC = YES;
				CLANG_ENABLE_OBJC_WEAK = YES;
				CLANG_WARN_BLOCK_CAPTURE_AUTORELEASING = YES;
				CLANG_WARN_BOOL_CONVERSION = YES;
				CLANG_WARN_COMMA = YES;
				CLANG_WARN_CONSTANT_CONVERSION = YES;
				CLANG_WARN_DEPRECATED_OBJC_IMPLEMENTATIONS = YES;
				CLANG_WARN_DIRECT_OBJC_ISA_USAGE = YES_ERROR;
				CLANG_WARN_DOCUMENTATION_COMMENTS = YES;
				CLANG_WARN_EMPTY_BODY = YES;
				CLANG_WARN_ENUM_CONVERSION = YES;
				CLANG_WARN_INFINITE_RECURSION = YES;
				CLANG_WARN_INT_CONVERSION = YES;
				CLANG_WARN_NON_LITERAL_NULL_CONVERSION = YES;
				CLANG_WARN_OBJC_IMPLICIT_RETAIN_SELF = YES;
				CLANG_WARN_OBJC_LITERAL_CONVERSION = YES;
				CLANG_WARN_OBJC_ROOT_CLASS = YES_ERROR;
				CLANG_WARN_RANGE_LOOP_ANALYSIS = YES;
				CLANG_WARN_STRICT_PROTOTYPES = YES;
				CLANG_WARN_SUSPICIOUS_MOVE = YES;
				CLANG_WARN_UNGUARDED_AVAILABILITY = YES_AGGRESSIVE;
				CLANG_WARN_UNREACHABLE_CODE = YES;
				CLANG_WARN__DUPLICATE_METHOD_MATCH = YES;
				CODE_SIGN_IDENTITY = "iPhone Developer";
				COPY_PHASE_STRIP = NO;
				DEBUG_INFORMATION_FORMAT = "dwarf-with-dsym";
				ENABLE_NS_ASSERTIONS = NO;
				ENABLE_STRICT_OBJC_MSGSEND = YES;
				GCC_C_LANGUAGE_STANDARD = gnu11;
				GCC_NO_COMMON_BLOCKS = YES;
				GCC_WARN_64_TO_32_BIT_CONVERSION = YES;
				GCC_WARN_ABOUT_RETURN_TYPE = YES_ERROR;
				GCC_WARN_UNDECLARED_SELECTOR = YES;
				GCC_WARN_UNINITIALIZED_AUTOS = YES_AGGRESSIVE;
				GCC_WARN_UNUSED_FUNCTION = YES;
				GCC_WARN_UNUSED_VARIABLE = YES;
				IPHONEOS_DEPLOYMENT_TARGET = 12.1;
				MTL_ENABLE_DEBUG_INFO = NO;
				MTL_FAST_MATH = YES;
				SDKROOT = iphoneos;
				SWIFT_COMPILATION_MODE = wholemodule;
				SWIFT_OPTIMIZATION_LEVEL = "-O";
				VALIDATE_PRODUCT = YES;
			};
			name = Release;
		};
		946ABCE921DEA140001D9926 /* Debug */ = {
			isa = XCBuildConfiguration;
			buildSettings = {
				ASSETCATALOG_COMPILER_APPICON_NAME = AppIcon;
				CODE_SIGN_STYLE = Automatic;
				DEVELOPMENT_TEAM = 2V64A49P2W;
				INFOPLIST_FILE = Expenses/Info.plist;
				LD_RUNPATH_SEARCH_PATHS = (
					"$(inherited)",
					"@executable_path/Frameworks",
				);
				PRODUCT_BUNDLE_IDENTIFIER = YDCO.ShoppingList;
				PRODUCT_NAME = "$(TARGET_NAME)";
				SWIFT_VERSION = 4.2;
				TARGETED_DEVICE_FAMILY = "1,2";
			};
			name = Debug;
		};
		946ABCEA21DEA140001D9926 /* Release */ = {
			isa = XCBuildConfiguration;
			buildSettings = {
				ASSETCATALOG_COMPILER_APPICON_NAME = AppIcon;
				CODE_SIGN_STYLE = Automatic;
				DEVELOPMENT_TEAM = 2V64A49P2W;
				INFOPLIST_FILE = Expenses/Info.plist;
				LD_RUNPATH_SEARCH_PATHS = (
					"$(inherited)",
					"@executable_path/Frameworks",
				);
				PRODUCT_BUNDLE_IDENTIFIER = YDCO.ShoppingList;
				PRODUCT_NAME = "$(TARGET_NAME)";
				SWIFT_VERSION = 4.2;
				TARGETED_DEVICE_FAMILY = "1,2";
			};
			name = Release;
		};
		946ABCEC21DEA140001D9926 /* Debug */ = {
			isa = XCBuildConfiguration;
			buildSettings = {
				ALWAYS_EMBED_SWIFT_STANDARD_LIBRARIES = YES;
				BUNDLE_LOADER = "$(TEST_HOST)";
				CODE_SIGN_STYLE = Automatic;
				DEVELOPMENT_TEAM = 2V64A49P2W;
				INFOPLIST_FILE = ExpensesTests/Info.plist;
				LD_RUNPATH_SEARCH_PATHS = (
					"$(inherited)",
					"@executable_path/Frameworks",
					"@loader_path/Frameworks",
				);
				PRODUCT_BUNDLE_IDENTIFIER = YDCO.ExpensesTests;
				PRODUCT_NAME = "$(TARGET_NAME)";
				SWIFT_VERSION = 4.2;
				TARGETED_DEVICE_FAMILY = "1,2";
				TEST_HOST = "$(BUILT_PRODUCTS_DIR)/Expenses.app/Expenses";
			};
			name = Debug;
		};
		946ABCED21DEA140001D9926 /* Release */ = {
			isa = XCBuildConfiguration;
			buildSettings = {
				ALWAYS_EMBED_SWIFT_STANDARD_LIBRARIES = YES;
				BUNDLE_LOADER = "$(TEST_HOST)";
				CODE_SIGN_STYLE = Automatic;
				DEVELOPMENT_TEAM = 2V64A49P2W;
				INFOPLIST_FILE = ExpensesTests/Info.plist;
				LD_RUNPATH_SEARCH_PATHS = (
					"$(inherited)",
					"@executable_path/Frameworks",
					"@loader_path/Frameworks",
				);
				PRODUCT_BUNDLE_IDENTIFIER = YDCO.ExpensesTests;
				PRODUCT_NAME = "$(TARGET_NAME)";
				SWIFT_VERSION = 4.2;
				TARGETED_DEVICE_FAMILY = "1,2";
				TEST_HOST = "$(BUILT_PRODUCTS_DIR)/Expenses.app/Expenses";
			};
			name = Release;
		};
		946ABCEF21DEA140001D9926 /* Debug */ = {
			isa = XCBuildConfiguration;
			buildSettings = {
				ALWAYS_EMBED_SWIFT_STANDARD_LIBRARIES = YES;
				CODE_SIGN_STYLE = Automatic;
				DEVELOPMENT_TEAM = 2V64A49P2W;
				INFOPLIST_FILE = ExpensesUITests/Info.plist;
				LD_RUNPATH_SEARCH_PATHS = (
					"$(inherited)",
					"@executable_path/Frameworks",
					"@loader_path/Frameworks",
				);
				PRODUCT_BUNDLE_IDENTIFIER = YDCO.ExpensesUITests;
				PRODUCT_NAME = "$(TARGET_NAME)";
				SWIFT_VERSION = 4.2;
				TARGETED_DEVICE_FAMILY = "1,2";
				TEST_TARGET_NAME = Expenses;
			};
			name = Debug;
		};
		946ABCF021DEA140001D9926 /* Release */ = {
			isa = XCBuildConfiguration;
			buildSettings = {
				ALWAYS_EMBED_SWIFT_STANDARD_LIBRARIES = YES;
				CODE_SIGN_STYLE = Automatic;
				DEVELOPMENT_TEAM = 2V64A49P2W;
				INFOPLIST_FILE = ExpensesUITests/Info.plist;
				LD_RUNPATH_SEARCH_PATHS = (
					"$(inherited)",
					"@executable_path/Frameworks",
					"@loader_path/Frameworks",
				);
				PRODUCT_BUNDLE_IDENTIFIER = YDCO.ExpensesUITests;
				PRODUCT_NAME = "$(TARGET_NAME)";
				SWIFT_VERSION = 4.2;
				TARGETED_DEVICE_FAMILY = "1,2";
				TEST_TARGET_NAME = Expenses;
			};
			name = Release;
		};
/* End XCBuildConfiguration section */

/* Begin XCConfigurationList section */
		946ABCBB21DEA13E001D9926 /* Build configuration list for PBXProject "Expenses" */ = {
			isa = XCConfigurationList;
			buildConfigurations = (
				946ABCE621DEA140001D9926 /* Debug */,
				946ABCE721DEA140001D9926 /* Release */,
			);
			defaultConfigurationIsVisible = 0;
			defaultConfigurationName = Release;
		};
		946ABCE821DEA140001D9926 /* Build configuration list for PBXNativeTarget "Expenses" */ = {
			isa = XCConfigurationList;
			buildConfigurations = (
				946ABCE921DEA140001D9926 /* Debug */,
				946ABCEA21DEA140001D9926 /* Release */,
			);
			defaultConfigurationIsVisible = 0;
			defaultConfigurationName = Release;
		};
		946ABCEB21DEA140001D9926 /* Build configuration list for PBXNativeTarget "ExpensesTests" */ = {
			isa = XCConfigurationList;
			buildConfigurations = (
				946ABCEC21DEA140001D9926 /* Debug */,
				946ABCED21DEA140001D9926 /* Release */,
			);
			defaultConfigurationIsVisible = 0;
			defaultConfigurationName = Release;
		};
		946ABCEE21DEA140001D9926 /* Build configuration list for PBXNativeTarget "ExpensesUITests" */ = {
			isa = XCConfigurationList;
			buildConfigurations = (
				946ABCEF21DEA140001D9926 /* Debug */,
				946ABCF021DEA140001D9926 /* Release */,
			);
			defaultConfigurationIsVisible = 0;
			defaultConfigurationName = Release;
		};
/* End XCConfigurationList section */
	};
	rootObject = 946ABCB821DEA13E001D9926 /* Project object */;
}
